<?xml version="1.0" encoding="utf-8"?>
<Project ToolsVersion="4.0" xmlns="http://schemas.microsoft.com/developer/msbuild/2003">
  <ItemGroup>
    <Filter Include="Source Files">
      <UniqueIdentifier>{4FC737F1-C7A5-4376-A066-2A32D752A2FF}</UniqueIdentifier>
      <Extensions>cpp;c;cc;cxx;def;odl;idl;hpj;bat;asm;asmx</Extensions>
    </Filter>
    <Filter Include="Header Files">
      <UniqueIdentifier>{93995380-89BD-4b04-88EB-625FBE52EBFB}</UniqueIdentifier>
      <Extensions>h;hpp;hxx;hm;inl;inc;xsd</Extensions>
    </Filter>
    <Filter Include="Resource Files">
      <UniqueIdentifier>{67DA6AB6-F800-4c08-8B7A-83BB121AAD01}</UniqueIdentifier>
      <Extensions>rc;ico;cur;bmp;dlg;rc2;rct;bin;rgs;gif;jpg;jpeg;jpe;resx;tiff;tif;png;wav;mfcribbon-ms</Extensions>
    </Filter>
    <Filter Include="Driver Files">
      <UniqueIdentifier>{8E41214B-6785-4CFE-B992-037D68949A14}</UniqueIdentifier>
      <Extensions>inf;inv;inx;mof;mc;</Extensions>
    </Filter>
    <Filter Include="Source Files\Injection">
      <UniqueIdentifier>{A1B2C3D4-E5F6-7890-ABCD-EF1234567890}</UniqueIdentifier>
    </Filter>
  </ItemGroup>
  <ItemGroup>
    <ClInclude Include="DioProcessCommon.h">
      <Filter>Header Files</Filter>
    </ClInclude>
    <ClInclude Include="DioProcessDriver.h">
      <Filter>Header Files</Filter>
    </ClInclude>
    <ClInclude Include="FastMutex.h">
      <Filter>Header Files</Filter>
    </ClInclude>
    <ClInclude Include="pch.h">
      <Filter>Header Files</Filter>
    </ClInclude>
    <ClInclude Include="Locker.h">
      <Filter>Header Files</Filter>
    </ClInclude>
    <ClInclude Include="Injection\EarlyInjection.h">
      <Filter>Header Files</Filter>
    </ClInclude>
    <ClInclude Include="Injection\ManualMap.h">
      <Filter>Header Files</Filter>
    </ClInclude>
    <ClInclude Include="FileHide\FileHide.h">
      <Filter>Header Files</Filter>
    </ClInclude>
    <ClInclude Include="DKOM\ProcessHide.h">
      <Filter>Header Files</Filter>
    </ClInclude>
    <ClInclude Include="Memory\PhysicalMemory.h">
      <Filter>Header Files</Filter>
    </ClInclude>
    <ClInclude Include="Memory\HideMemory.h">
      <Filter>Header Files</Filter>
    </ClInclude>
    <ClInclude Include="Memory\hde\hde64.h">
      <Filter>Header Files</Filter>
    </ClInclude>
    <ClInclude Include="Memory\hde\pstdint.h">
      <Filter>Header Files</Filter>
    </ClInclude>
    <ClInclude Include="Memory\hde\table64.h">
      <Filter>Header Files</Filter>
    </ClInclude>
    <ClInclude Include="NSI\PortHide.h">
      <Filter>Header Files</Filter>
    </ClInclude>
    <ClInclude Include="EptHook\UsermodeEptHook.h">
      <Filter>Header Files</Filter>
    </ClInclude>
    <ClInclude Include="EptHook\RegisterChange.h">
      <Filter>Header Files</Filter>
    </ClInclude>
    <ClInclude Include="ProcessKill\ProcessKill.h">
      <Filter>Header Files</Filter>
    </ClInclude>
  </ItemGroup>
  <ItemGroup>
    <ClCompile Include="DioProcessDriver.cpp">
      <Filter>Source Files</Filter>
    </ClCompile>
    <ClCompile Include="FastMutex.cpp">
      <Filter>Source Files</Filter>
    </ClCompile>
    <ClCompile Include="pch.cpp">
      <Filter>Source Files</Filter>
    </ClCompile>
    <ClCompile Include="Injection\EarlyInjection.cpp">
      <Filter>Source Files\Injection</Filter>
    </ClCompile>
    <ClCompile Include="Injection\ManualMap.cpp">
      <Filter>Source Files\Injection</Filter>
    </ClCompile>
    <ClCompile Include="Injection\KernelInject.cpp">
      <Filter>Source Files\Injection</Filter>
    </ClCompile>
    <ClCompile Include="FileHide\FileHide.cpp">
      <Filter>Source Files</Filter>
    </ClCompile>
    <ClCompile Include="DKOM\ProcessHide.cpp">
      <Filter>Source Files</Filter>
    </ClCompile>
    <ClCompile Include="NSI\PortHide.cpp">
      <Filter>Source Files</Filter>
    </ClCompile>
    <ClCompile Include="Memory\PhysicalMemory.cpp">
      <Filter>Source Files</Filter>
    </ClCompile>
    <ClCompile Include="Memory\HideMemory.cpp">
      <Filter>Source Files</Filter>
    </ClCompile>
    <ClCompile Include="Memory\hde\hde64.cpp">
      <Filter>Source Files</Filter>
    </ClCompile>
    <ClCompile Include="EptHook\UsermodeEptHook.cpp">
      <Filter>Source Files</Filter>
    </ClCompile>
    <ClCompile Include="EptHook\RegisterChange.cpp">
      <Filter>Source Files</Filter>
    </ClCompile>
    <ClCompile Include="ProcessKill\ProcessKill.cpp">
      <Filter>Source Files</Filter>
    </ClCompile>
  </ItemGroup>
</Project>
